// !$*UTF8*$!
{
	archiveVersion = 1;
	classes = {
	};
	objectVersion = 46;
	objects = {

/* Begin PBXBuildFile section */
		71BA93551BAFB67500958445 /* main.m in Sources */ = {isa = PBXBuildFile; fileRef = 71BA93541BAFB67500958445 /* main.m */; };
		71BA93581BAFB67500958445 /* AppDelegate.m in Sources */ = {isa = PBXBuildFile; fileRef = 71BA93571BAFB67500958445 /* AppDelegate.m */; };
		71BA935B1BAFB67500958445 /* FrontViewController.m in Sources */ = {isa = PBXBuildFile; fileRef = 71BA935A1BAFB67500958445 /* FrontViewController.m */; };
		71BA935E1BAFB67500958445 /* Main.storyboard in Resources */ = {isa = PBXBuildFile; fileRef = 71BA935C1BAFB67500958445 /* Main.storyboard */; };
		71BA93601BAFB67500958445 /* Assets.xcassets in Resources */ = {isa = PBXBuildFile; fileRef = 71BA935F1BAFB67500958445 /* Assets.xcassets */; };
		71BA936E1BAFB6B400958445 /* RightMenuViewController.m in Sources */ = {isa = PBXBuildFile; fileRef = 71BA936B1BAFB6B400958445 /* RightMenuViewController.m */; settings = {ASSET_TAGS = (); }; };
		71BA936F1BAFB6B400958445 /* SWRevealViewController.m in Sources */ = {isa = PBXBuildFile; fileRef = 71BA936D1BAFB6B400958445 /* SWRevealViewController.m */; settings = {ASSET_TAGS = (); }; };
		71BA93721BAFB74B00958445 /* SideBarInit.m in Sources */ = {isa = PBXBuildFile; fileRef = 71BA93711BAFB74B00958445 /* SideBarInit.m */; settings = {ASSET_TAGS = (); }; };
		71BA93751BAFB79500958445 /* LeftMenuViewController.m in Sources */ = {isa = PBXBuildFile; fileRef = 71BA93741BAFB79500958445 /* LeftMenuViewController.m */; settings = {ASSET_TAGS = (); }; };
		71BA93831BAFCD9D00958445 /* View2Controller.m in Sources */ = {isa = PBXBuildFile; fileRef = 71BA93821BAFCD9D00958445 /* View2Controller.m */; settings = {ASSET_TAGS = (); }; };
		71BA93861BAFCDAF00958445 /* View3Controller.m in Sources */ = {isa = PBXBuildFile; fileRef = 71BA93851BAFCDAF00958445 /* View3Controller.m */; settings = {ASSET_TAGS = (); }; };
		71BA93891BAFCDBE00958445 /* View4Controller.m in Sources */ = {isa = PBXBuildFile; fileRef = 71BA93881BAFCDBE00958445 /* View4Controller.m */; settings = {ASSET_TAGS = (); }; };
/* End PBXBuildFile section */

/* Begin PBXFileReference section */
		71BA93501BAFB67500958445 /* SidebarExample.app */ = {isa = PBXFileReference; explicitFileType = wrapper.application; includeInIndex = 0; path = SidebarExample.app; sourceTree = BUILT_PRODUCTS_DIR; };
		71BA93541BAFB67500958445 /* main.m */ = {isa = PBXFileReference; lastKnownFileType = sourcecode.c.objc; path = main.m; sourceTree = "<group>"; };
		71BA93561BAFB67500958445 /* AppDelegate.h */ = {isa = PBXFileReference; lastKnownFileType = sourcecode.c.h; path = AppDelegate.h; sourceTree = "<group>"; };
		71BA93571BAFB67500958445 /* AppDelegate.m */ = {isa = PBXFileReference; lastKnownFileType = sourcecode.c.objc; path = AppDelegate.m; sourceTree = "<group>"; };
		71BA93591BAFB67500958445 /* FrontViewController.h */ = {isa = PBXFileReference; lastKnownFileType = sourcecode.c.h; path = FrontViewController.h; sourceTree = "<group>"; };
		71BA935A1BAFB67500958445 /* FrontViewController.m */ = {isa = PBXFileReference; lastKnownFileType = sourcecode.c.objc; path = FrontViewController.m; sourceTree = "<group>"; };
		71BA935D1BAFB67500958445 /* Base */ = {isa = PBXFileReference; lastKnownFileType = file.storyboard; name = Base; path = Base.lproj/Main.storyboard; sourceTree = "<group>"; };
		71BA935F1BAFB67500958445 /* Assets.xcassets */ = {isa = PBXFileReference; lastKnownFileType = folder.assetcatalog; path = Assets.xcassets; sourceTree = "<group>"; };
		71BA93641BAFB67500958445 /* Info.plist */ = {isa = PBXFileReference; lastKnownFileType = text.plist.xml; path = Info.plist; sourceTree = "<group>"; };
		71BA936A1BAFB6B400958445 /* RightMenuViewController.h */ = {isa = PBXFileReference; fileEncoding = 4; lastKnownFileType = sourcecode.c.h; path = RightMenuViewController.h; sourceTree = "<group>"; };
		71BA936B1BAFB6B400958445 /* RightMenuViewController.m */ = {isa = PBXFileReference; fileEncoding = 4; lastKnownFileType = sourcecode.c.objc; path = RightMenuViewController.m; sourceTree = "<group>"; };
		71BA936C1BAFB6B400958445 /* SWRevealViewController.h */ = {isa = PBXFileReference; fileEncoding = 4; lastKnownFileType = sourcecode.c.h; path = SWRevealViewController.h; sourceTree = "<group>"; };
		71BA936D1BAFB6B400958445 /* SWRevealViewController.m */ = {isa = PBXFileReference; fileEncoding = 4; lastKnownFileType = sourcecode.c.objc; path = SWRevealViewController.m; sourceTree = "<group>"; };
		71BA93701BAFB74B00958445 /* SideBarInit.h */ = {isa = PBXFileReference; fileEncoding = 4; lastKnownFileType = sourcecode.c.h; path = SideBarInit.h; sourceTree = "<group>"; };
		71BA93711BAFB74B00958445 /* SideBarInit.m */ = {isa = PBXFileReference; fileEncoding = 4; lastKnownFileType = sourcecode.c.objc; path = SideBarInit.m; sourceTree = "<group>"; };
		71BA93731BAFB79500958445 /* LeftMenuViewController.h */ = {isa = PBXFileReference; fileEncoding = 4; lastKnownFileType = sourcecode.c.h; path = LeftMenuViewController.h; sourceTree = "<group>"; };
		71BA93741BAFB79500958445 /* LeftMenuViewController.m */ = {isa = PBXFileReference; fileEncoding = 4; lastKnownFileType = sourcecode.c.objc; path = LeftMenuViewController.m; sourceTree = "<group>"; };
		71BA93811BAFCD9D00958445 /* View2Controller.h */ = {isa = PBXFileReference; fileEncoding = 4; lastKnownFileType = sourcecode.c.h; path = View2Controller.h; sourceTree = "<group>"; };
		71BA93821BAFCD9D00958445 /* View2Controller.m */ = {isa = PBXFileReference; fileEncoding = 4; lastKnownFileType = sourcecode.c.objc; path = View2Controller.m; sourceTree = "<group>"; };
		71BA93841BAFCDAF00958445 /* View3Controller.h */ = {isa = PBXFileReference; fileEncoding = 4; lastKnownFileType = sourcecode.c.h; path = View3Controller.h; sourceTree = "<group>"; };
		71BA93851BAFCDAF00958445 /* View3Controller.m */ = {isa = PBXFileReference; fileEncoding = 4; lastKnownFileType = sourcecode.c.objc; path = View3Controller.m; sourceTree = "<group>"; };
		71BA93871BAFCDBE00958445 /* View4Controller.h */ = {isa = PBXFileReference; fileEncoding = 4; lastKnownFileType = sourcecode.c.h; path = View4Controller.h; sourceTree = "<group>"; };
		71BA93881BAFCDBE00958445 /* View4Controller.m */ = {isa = PBXFileReference; fileEncoding = 4; lastKnownFileType = sourcecode.c.objc; path = View4Controller.m; sourceTree = "<group>"; };
/* End PBXFileReference section */

/* Begin PBXFrameworksBuildPhase section */
		71BA934D1BAFB67500958445 /* Frameworks */ = {
			isa = PBXFrameworksBuildPhase;
			buildActionMask = 2147483647;
			files = (
			);
			runOnlyForDeploymentPostprocessing = 0;
		};
/* End PBXFrameworksBuildPhase section */

/* Begin PBXGroup section */
		71BA93471BAFB67500958445 = {
			isa = PBXGroup;
			children = (
				71BA93521BAFB67500958445 /* SidebarExample */,
				71BA93511BAFB67500958445 /* Products */,
			);
			sourceTree = "<group>";
		};
		71BA93511BAFB67500958445 /* Products */ = {
			isa = PBXGroup;
			children = (
				71BA93501BAFB67500958445 /* SidebarExample.app */,
			);
			name = Products;
			sourceTree = "<group>";
		};
		71BA93521BAFB67500958445 /* SidebarExample */ = {
			isa = PBXGroup;
			children = (
				71BA936A1BAFB6B400958445 /* RightMenuViewController.h */,
				71BA936B1BAFB6B400958445 /* RightMenuViewController.m */,
				71BA93731BAFB79500958445 /* LeftMenuViewController.h */,
				71BA93741BAFB79500958445 /* LeftMenuViewController.m */,
				71BA938B1BAFCDDE00958445 /* SideBar */,
				71BA938A1BAFCDC800958445 /* ViewController */,
				71BA93531BAFB67500958445 /* Supporting Files */,
			);
			path = SidebarExample;
			sourceTree = "<group>";
		};
		71BA93531BAFB67500958445 /* Supporting Files */ = {
			isa = PBXGroup;
			children = (
				71BA93561BAFB67500958445 /* AppDelegate.h */,
				71BA93571BAFB67500958445 /* AppDelegate.m */,
				71BA935F1BAFB67500958445 /* Assets.xcassets */,
				71BA93641BAFB67500958445 /* Info.plist */,
				71BA93541BAFB67500958445 /* main.m */,
			);
			name = "Supporting Files";
			sourceTree = "<group>";
		};
		71BA938A1BAFCDC800958445 /* ViewController */ = {
			isa = PBXGroup;
			children = (
				71BA935C1BAFB67500958445 /* Main.storyboard */,
				71BA93591BAFB67500958445 /* FrontViewController.h */,
				71BA935A1BAFB67500958445 /* FrontViewController.m */,
				71BA93811BAFCD9D00958445 /* View2Controller.h */,
				71BA93821BAFCD9D00958445 /* View2Controller.m */,
				71BA93841BAFCDAF00958445 /* View3Controller.h */,
				71BA93851BAFCDAF00958445 /* View3Controller.m */,
				71BA93871BAFCDBE00958445 /* View4Controller.h */,
				71BA93881BAFCDBE00958445 /* View4Controller.m */,
			);
			name = ViewController;
			sourceTree = "<group>";
		};
		71BA938B1BAFCDDE00958445 /* SideBar */ = {
			isa = PBXGroup;
			children = (
				71BA93701BAFB74B00958445 /* SideBarInit.h */,
				71BA93711BAFB74B00958445 /* SideBarInit.m */,
				71BA936C1BAFB6B400958445 /* SWRevealViewController.h */,
				71BA936D1BAFB6B400958445 /* SWRevealViewController.m */,
			);
			name = SideBar;
			sourceTree = "<group>";
		};
/* End PBXGroup section */

/* Begin PBXNativeTarget section */
		71BA934F1BAFB67500958445 /* SidebarExample */ = {
			isa = PBXNativeTarget;
			buildConfigurationList = 71BA93671BAFB67500958445 /* Build configuration list for PBXNativeTarget "SidebarExample" */;
			buildPhases = (
				71BA934C1BAFB67500958445 /* Sources */,
				71BA934D1BAFB67500958445 /* Frameworks */,
				71BA934E1BAFB67500958445 /* Resources */,
			);
			buildRules = (
			);
			dependencies = (
			);
			name = SidebarExample;
			productName = SidebarExample;
			productReference = 71BA93501BAFB67500958445 /* SidebarExample.app */;
			productType = "com.apple.product-type.application";
		};
/* End PBXNativeTarget section */

/* Begin PBXProject section */
		71BA93481BAFB67500958445 /* Project object */ = {
			isa = PBXProject;
			attributes = {
				LastUpgradeCheck = 0700;
				ORGANIZATIONNAME = FET;
				TargetAttributes = {
					71BA934F1BAFB67500958445 = {
						CreatedOnToolsVersion = 7.0;
					};
				};
			};
			buildConfigurationList = 71BA934B1BAFB67500958445 /* Build configuration list for PBXProject "SidebarExample" */;
			compatibilityVersion = "Xcode 3.2";
			developmentRegion = English;
			hasScannedForEncodings = 0;
			knownRegions = (
				en,
				Base,
			);
			mainGroup = 71BA93471BAFB67500958445;
			productRefGroup = 71BA93511BAFB67500958445 /* Products */;
			projectDirPath = "";
			projectRoot = "";
			targets = (
				71BA934F1BAFB67500958445 /* SidebarExample */,
			);
		};
/* End PBXProject section */

/* Begin PBXResourcesBuildPhase section */
		71BA934E1BAFB67500958445 /* Resources */ = {
			isa = PBXResourcesBuildPhase;
			buildActionMask = 2147483647;
			files = (
				71BA93601BAFB67500958445 /* Assets.xcassets in Resources */,
				71BA935E1BAFB67500958445 /* Main.storyboard in Resources */,
			);
			runOnlyForDeploymentPostprocessing = 0;
		};
/* End PBXResourcesBuildPhase section */

/* Begin PBXSourcesBuildPhase section */
		71BA934C1BAFB67500958445 /* Sources */ = {
			isa = PBXSourcesBuildPhase;
			buildActionMask = 2147483647;
			files = (
				71BA935B1BAFB67500958445 /* FrontViewController.m in Sources */,
				71BA936E1BAFB6B400958445 /* RightMenuViewController.m in Sources */,
				71BA936F1BAFB6B400958445 /* SWRevealViewController.m in Sources */,
				71BA93831BAFCD9D00958445 /* View2Controller.m in Sources */,
				71BA93581BAFB67500958445 /* AppDelegate.m in Sources */,
				71BA93861BAFCDAF00958445 /* View3Controller.m in Sources */,
				71BA93751BAFB79500958445 /* LeftMenuViewController.m in Sources */,
				71BA93721BAFB74B00958445 /* SideBarInit.m in Sources */,
				71BA93891BAFCDBE00958445 /* View4Controller.m in Sources */,
				71BA93551BAFB67500958445 /* main.m in Sources */,
			);
			runOnlyForDeploymentPostprocessing = 0;
		};
/* End PBXSourcesBuildPhase section */

/* Begin PBXVariantGroup section */
		71BA935C1BAFB67500958445 /* Main.storyboard */ = {
			isa = PBXVariantGroup;
			children = (
				71BA935D1BAFB67500958445 /* Base */,
			);
			name = Main.storyboard;
			sourceTree = "<group>";
		};
/* End PBXVariantGroup section */

/* Begin XCBuildConfiguration section */
		71BA93651BAFB67500958445 /* Debug */ = {
			isa = XCBuildConfiguration;
			buildSettings = {
				ALWAYS_SEARCH_USER_PATHS = NO;
				CLANG_CXX_LANGUAGE_STANDARD = "gnu++0x";
				CLANG_CXX_LIBRARY = "libc++";
				CLANG_ENABLE_MODULES = YES;
				CLANG_ENABLE_OBJC_ARC = YES;
				CLANG_WARN_BOOL_CONVERSION = YES;
				CLANG_WARN_CONSTANT_CONVERSION = YES;
				CLANG_WARN_DIRECT_OBJC_ISA_USAGE = YES_ERROR;
				CLANG_WARN_EMPTY_BODY = YES;
				CLANG_WARN_ENUM_CONVERSION = YES;
				CLANG_WARN_INT_CONVERSION = YES;
				CLANG_WARN_OBJC_ROOT_CLASS = YES_ERROR;
				CLANG_WARN_UNREACHABLE_CODE = YES;
				CLANG_WARN__DUPLICATE_METHOD_MATCH = YES;
				"CODE_SIGN_IDENTITY[sdk=iphoneos*]" = "iPhone Developer";
				COPY_PHASE_STRIP = NO;
				DEBUG_INFORMATION_FORMAT = dwarf;
				ENABLE_STRICT_OBJC_MSGSEND = YES;
				ENABLE_TESTABILITY = YES;
				GCC_C_LANGUAGE_STANDARD = gnu99;
				GCC_DYNAMIC_NO_PIC = NO;
				GCC_NO_COMMON_BLOCKS = YES;
				GCC_OPTIMIZATION_LEVEL = 0;
				GCC_PREPROCESSOR_DEFINITIONS = (
					"DEBUG=1",
					"$(inherited)",
				);
				GCC_WARN_64_TO_32_BIT_CONVERSION = YES;
				GCC_WARN_ABOUT_RETURN_TYPE = YES_ERROR;
				GCC_WARN_UNDECLARED_SELECTOR = YES;
				GCC_WARN_UNINITIALIZED_AUTOS = YES_AGGRESSIVE;
				GCC_WARN_UNUSED_FUNCTION = YES;
				GCC_WARN_UNUSED_VARIABLE = YES;
				IPHONEOS_DEPLOYMENT_TARGET = 9.0;
				MTL_ENABLE_DEBUG_INFO = YES;
				ONLY_ACTIVE_ARCH = YES;
				SDKROOT = iphoneos;
			};
			name = Debug;
		};
		71BA93661BAFB67500958445 /* Release */ = {
			isa = XCBuildConfiguration;
			buildSettings = {
				ALWAYS_SEARCH_USER_PATHS = NO;
				CLANG_CXX_LANGUAGE_STANDARD = "gnu++0x";
				CLANG_CXX_LIBRARY = "libc++";
				CLANG_ENABLE_MODULES = YES;
				CLANG_ENABLE_OBJC_ARC = YES;
				CLANG_WARN_BOOL_CONVERSION = YES;
				CLANG_WARN_CONSTANT_CONVERSION = YES;
				CLANG_WARN_DIRECT_OBJC_ISA_USAGE = YES_ERROR;
				CLANG_WARN_EMPTY_BODY = YES;
				CLANG_WARN_ENUM_CONVERSION = YES;
				CLANG_WARN_INT_CONVERSION = YES;
				CLANG_WARN_OBJC_ROOT_CLASS = YES_ERROR;
				CLANG_WARN_UNREACHABLE_CODE = YES;
				CLANG_WARN__DUPLICATE_METHOD_MATCH = YES;
				"CODE_SIGN_IDENTITY[sdk=iphoneos*]" = "iPhone Developer";
				COPY_PHASE_STRIP = NO;
				DEBUG_INFORMATION_FORMAT = "dwarf-with-dsym";
				ENABLE_NS_ASSERTIONS = NO;
				ENABLE_STRICT_OBJC_MSGSEND = YES;
				GCC_C_LANGUAGE_STANDARD = gnu99;
				GCC_NO_COMMON_BLOCKS = YES;
				GCC_WARN_64_TO_32_BIT_CONVERSION = YES;
				GCC_WARN_ABOUT_RETURN_TYPE = YES_ERROR;
				GCC_WARN_UNDECLARED_SELECTOR = YES;
				GCC_WARN_UNINITIALIZED_AUTOS = YES_AGGRESSIVE;
				GCC_WARN_UNUSED_FUNCTION = YES;
				GCC_WARN_UNUSED_VARIABLE = YES;
				IPHONEOS_DEPLOYMENT_TARGET = 9.0;
				MTL_ENABLE_DEBUG_INFO = NO;
				SDKROOT = iphoneos;
				VALIDATE_PRODUCT = YES;
			};
			name = Release;
		};
		71BA93681BAFB67500958445 /* Debug */ = {
			isa = XCBuildConfiguration;
			buildSettings = {
				ASSETCATALOG_COMPILER_APPICON_NAME = AppIcon;
				INFOPLIST_FILE = SidebarExample/Info.plist;
				LD_RUNPATH_SEARCH_PATHS = "$(inherited) @executable_path/Frameworks";
				PRODUCT_BUNDLE_IDENTIFIER = com.fetnet.SidebarExample;
				PRODUCT_NAME = "$(TARGET_NAME)";
			};
			name = Debug;
		};
		71BA93691BAFB67500958445 /* Release */ = {
			isa = XCBuildConfiguration;
			buildSettings = {
				ASSETCATALOG_COMPILER_APPICON_NAME = AppIcon;
				INFOPLIST_FILE = SidebarExample/Info.plist;
				LD_RUNPATH_SEARCH_PATHS = "$(inherited) @executable_path/Frameworks";
				PRODUCT_BUNDLE_IDENTIFIER = com.fetnet.SidebarExample;
				PRODUCT_NAME = "$(TARGET_NAME)";
			};
			name = Release;
		};
/* End XCBuildConfiguration section */

/* Begin XCConfigurationList section */
		71BA934B1BAFB67500958445 /* Build configuration list for PBXProject "SidebarExample" */ = {
			isa = XCConfigurationList;
			buildConfigurations = (
				71BA93651BAFB67500958445 /* Debug */,
				71BA93661BAFB67500958445 /* Release */,
			);
			defaultConfigurationIsVisible = 0;
			defaultConfigurationName = Release;
		};
		71BA93671BAFB67500958445 /* Build configuration list for PBXNativeTarget "SidebarExample" */ = {
			isa = XCConfigurationList;
			buildConfigurations = (
				71BA93681BAFB67500958445 /* Debug */,
				71BA93691BAFB67500958445 /* Release */,
			);
			defaultConfigurationIsVisible = 0;
		};
/* End XCConfigurationList section */
	};
	rootObject = 71BA93481BAFB67500958445 /* Project object */;
}
